{
    "version": 3,
    "terraform_version": "0.11.8",
    "serial": 3,
    "lineage": "86c09af6-a009-c4be-c10c-b3eda3dc1af0",
    "modules": [
        {
            "path": [
                "root"
            ],
            "outputs": {
                "config-map-aws-auth": {
                    "sensitive": false,
                    "type": "string",
                    "value": "\n\napiVersion: v1\nkind: ConfigMap\nmetadata:\n  name: aws-auth\n  namespace: kube-system\ndata:\n  mapRoles: |\n    - rolearn: arn:aws:iam::951405672546:role/terraform-eks-demo-node\n      username: system:node:{{EC2PrivateDNSName}}\n      groups:\n        - system:bootstrappers\n        - system:nodes\n"
                },
                "kubeconfig": {
                    "sensitive": false,
                    "type": "string",
                    "value": "\n\napiVersion: v1\nclusters:\n- cluster:\n    server: https://B6D0296D9A6885229C01B057C81B9A68.sk1.us-east-1.eks.amazonaws.com\n    certificate-authority-data: LS0tLS1CRUdJTiBDRVJUSUZJQ0FURS0tLS0tCk1JSUN5RENDQWJDZ0F3SUJBZ0lCQURBTkJna3Foa2lHOXcwQkFRc0ZBREFWTVJNd0VRWURWUVFERXdwcmRXSmwKY201bGRHVnpNQjRYRFRFNE1Ea3lOREF5TXpJeE9Gb1hEVEk0TURreU1UQXlNekl4T0Zvd0ZURVRNQkVHQTFVRQpBeE1LYTNWaVpYSnVaWFJsY3pDQ0FTSXdEUVlKS29aSWh2Y05BUUVCQlFBRGdnRVBBRENDQVFvQ2dnRUJBTUtuCjJCRHRmeFVQaWxFMEU4MGtwZll1V01ibUVkZjlPNm1RMElDb3d4QjkvdStyVUdLMHI4NzBEMTNhT3BNdlZ4RVEKVm95MDRXTWdITUd6a2ZtZlJJMXVobmc4QkpyY2hrcmRjZ3BVWGVoS0o1WmZ3TlV0c2trMzBXbUkzUUlpeTNCdwo1ZWlyaWpwblBKQ1pkbUtEM2NLRDdaa2FMNXh0b2llU3QyRDM2SlZNeHU4ZkI5RFNSQXErWnp1QXBjM0JmYStmClp3ZE95Znc3bGhhWExmZ0EvdXRkc2lmYVpqaExpWVhVSVJ1ZGpXNEhzWitJdWgxeEJoVG5CRnlla1RsTEhSWm8KZXp3L1k1QjcyNzRLZnp1SVFzblV5eGwyYkZRZFM0cU5uaUwxdzF6bmxTckpsdWdYR09OZk1sbDdIR0hiWnJXdwpuWHo3MU1Jem1MVWM2ME1tRTRNQ0F3RUFBYU1qTUNFd0RnWURWUjBQQVFIL0JBUURBZ0trTUE4R0ExVWRFd0VCCi93UUZNQU1CQWY4d0RRWUpLb1pJaHZjTkFRRUxCUUFEZ2dFQkFEelgwZnNObXRrQnhRcE1yRlVkQ0R3MjlNVmcKUGh0UXVxekxrU3VDU3dqYVJKd2d3clNLcnV1a2QrU0hQVCtXSE1ycXdKY3RDQnlTdnZCbEQwVklmb0RTdm4wcwprZjV0c2dKQkRlRkU3YVJDRmsrTDh2QXFGbk1BcDFaZEczaHM2YjI0ZFY1Y2Q5aDM0TkxPK3RPV2paVlVzTUxHClpCWlNtYVBneCtYZ0VjdmZtSElhSS9Oc3RORElHaUwweW1OR2pJREhzelVyL0M1M2VzWjBuUzMyb2MzRjVaMDEKbVY3Z1VsR1drNXVZaHE5VHdhNkJpbFJZNFF2dHZCY3FIanBiNElHVmpiUFREN1I0biticnFVTXpQTHlCczRZZAp6RFY4UHFjWFFjQkdpaXBRYit4RkU4Z29XbDdpQ3hmM3JFRFNJZEx6ZTllcTAyVUlRYm10NDljcnN6ST0KLS0tLS1FTkQgQ0VSVElGSUNBVEUtLS0tLQo=\n  name: kubernetes\ncontexts:\n- context:\n    cluster: kubernetes\n    user: aws\n  name: aws\ncurrent-context: aws\nkind: Config\npreferences: {}\nusers:\n- name: aws\n  user:\n    exec:\n      apiVersion: client.authentication.k8s.io/v1alpha1\n      command: aws-iam-authenticator\n      args:\n        - \"token\"\n        - \"-i\"\n        - \"terraform-eks-demo\"\n"
                }
            },
            "resources": {
                "aws_autoscaling_group.demo": {
                    "type": "aws_autoscaling_group",
                    "depends_on": [
                        "aws_launch_configuration.demo",
                        "aws_subnet.demo.*"
                    ],
                    "primary": {
                        "id": "terraform-eks-demo",
                        "attributes": {
                            "arn": "arn:aws:autoscaling:us-east-1:951405672546:autoScalingGroup:5f22499f-d39e-4167-a3a0-4dd4e71170a9:autoScalingGroupName/terraform-eks-demo",
                            "availability_zones.#": "2",
                            "availability_zones.1305112097": "us-east-1b",
                            "availability_zones.3569565595": "us-east-1a",
                            "default_cooldown": "300",
                            "desired_capacity": "2",
                            "enabled_metrics.#": "0",
                            "force_delete": "false",
                            "health_check_grace_period": "300",
                            "health_check_type": "EC2",
                            "id": "terraform-eks-demo",
                            "launch_configuration": "terraform-eks-demo20180924024302669800000004",
                            "launch_template.#": "0",
                            "load_balancers.#": "0",
                            "max_size": "2",
                            "metrics_granularity": "1Minute",
                            "min_size": "1",
                            "name": "terraform-eks-demo",
                            "placement_group": "",
                            "protect_from_scale_in": "false",
                            "service_linked_role_arn": "arn:aws:iam::951405672546:role/aws-service-role/autoscaling.amazonaws.com/AWSServiceRoleForAutoScaling",
                            "suspended_processes.#": "0",
                            "tag.#": "2",
                            "tag.3381877819.key": "kubernetes.io/cluster/terraform-eks-demo",
                            "tag.3381877819.propagate_at_launch": "true",
                            "tag.3381877819.value": "owned",
                            "tag.4079220990.key": "Name",
                            "tag.4079220990.propagate_at_launch": "true",
                            "tag.4079220990.value": "terraform-eks-demo",
                            "target_group_arns.#": "0",
                            "termination_policies.#": "0",
                            "vpc_zone_identifier.#": "2",
                            "vpc_zone_identifier.1041414703": "subnet-0ad7069bb0d99e9cf",
                            "vpc_zone_identifier.691485825": "subnet-010df84ff09ac648b",
                            "wait_for_capacity_timeout": "10m"
                        },
                        "meta": {
                            "e2bfb730-ecaa-11e6-8f88-34363bc7c4c0": {
                                "delete": 600000000000
                            }
                        },
                        "tainted": false
                    },
                    "deposed": [],
                    "provider": "provider.aws"
                },
                "aws_eks_cluster.demo": {
                    "type": "aws_eks_cluster",
                    "depends_on": [
                        "aws_iam_role.demo-cluster",
                        "aws_iam_role_policy_attachment.demo-cluster-AmazonEKSClusterPolicy",
                        "aws_iam_role_policy_attachment.demo-cluster-AmazonEKSServicePolicy",
                        "aws_security_group.demo-cluster",
                        "aws_subnet.demo.*"
                    ],
                    "primary": {
                        "id": "terraform-eks-demo",
                        "attributes": {
                            "arn": "arn:aws:eks:us-east-1:951405672546:cluster/terraform-eks-demo",
                            "certificate_authority.#": "1",
                            "certificate_authority.0.data": "LS0tLS1CRUdJTiBDRVJUSUZJQ0FURS0tLS0tCk1JSUN5RENDQWJDZ0F3SUJBZ0lCQURBTkJna3Foa2lHOXcwQkFRc0ZBREFWTVJNd0VRWURWUVFERXdwcmRXSmwKY201bGRHVnpNQjRYRFRFNE1Ea3lOREF5TXpJeE9Gb1hEVEk0TURreU1UQXlNekl4T0Zvd0ZURVRNQkVHQTFVRQpBeE1LYTNWaVpYSnVaWFJsY3pDQ0FTSXdEUVlKS29aSWh2Y05BUUVCQlFBRGdnRVBBRENDQVFvQ2dnRUJBTUtuCjJCRHRmeFVQaWxFMEU4MGtwZll1V01ibUVkZjlPNm1RMElDb3d4QjkvdStyVUdLMHI4NzBEMTNhT3BNdlZ4RVEKVm95MDRXTWdITUd6a2ZtZlJJMXVobmc4QkpyY2hrcmRjZ3BVWGVoS0o1WmZ3TlV0c2trMzBXbUkzUUlpeTNCdwo1ZWlyaWpwblBKQ1pkbUtEM2NLRDdaa2FMNXh0b2llU3QyRDM2SlZNeHU4ZkI5RFNSQXErWnp1QXBjM0JmYStmClp3ZE95Znc3bGhhWExmZ0EvdXRkc2lmYVpqaExpWVhVSVJ1ZGpXNEhzWitJdWgxeEJoVG5CRnlla1RsTEhSWm8KZXp3L1k1QjcyNzRLZnp1SVFzblV5eGwyYkZRZFM0cU5uaUwxdzF6bmxTckpsdWdYR09OZk1sbDdIR0hiWnJXdwpuWHo3MU1Jem1MVWM2ME1tRTRNQ0F3RUFBYU1qTUNFd0RnWURWUjBQQVFIL0JBUURBZ0trTUE4R0ExVWRFd0VCCi93UUZNQU1CQWY4d0RRWUpLb1pJaHZjTkFRRUxCUUFEZ2dFQkFEelgwZnNObXRrQnhRcE1yRlVkQ0R3MjlNVmcKUGh0UXVxekxrU3VDU3dqYVJKd2d3clNLcnV1a2QrU0hQVCtXSE1ycXdKY3RDQnlTdnZCbEQwVklmb0RTdm4wcwprZjV0c2dKQkRlRkU3YVJDRmsrTDh2QXFGbk1BcDFaZEczaHM2YjI0ZFY1Y2Q5aDM0TkxPK3RPV2paVlVzTUxHClpCWlNtYVBneCtYZ0VjdmZtSElhSS9Oc3RORElHaUwweW1OR2pJREhzelVyL0M1M2VzWjBuUzMyb2MzRjVaMDEKbVY3Z1VsR1drNXVZaHE5VHdhNkJpbFJZNFF2dHZCY3FIanBiNElHVmpiUFREN1I0biticnFVTXpQTHlCczRZZAp6RFY4UHFjWFFjQkdpaXBRYit4RkU4Z29XbDdpQ3hmM3JFRFNJZEx6ZTllcTAyVUlRYm10NDljcnN6ST0KLS0tLS1FTkQgQ0VSVElGSUNBVEUtLS0tLQo=",
                            "created_at": "2018-09-24 02:25:16 +0000 UTC",
                            "endpoint": "https://B6D0296D9A6885229C01B057C81B9A68.sk1.us-east-1.eks.amazonaws.com",
                            "id": "terraform-eks-demo",
                            "name": "terraform-eks-demo",
                            "platform_version": "eks.2",
                            "role_arn": "arn:aws:iam::951405672546:role/terraform-eks-demo-cluster",
                            "version": "1.10",
                            "vpc_config.#": "1",
                            "vpc_config.0.security_group_ids.#": "1",
                            "vpc_config.0.security_group_ids.3489646507": "sg-087201f253131c698",
                            "vpc_config.0.subnet_ids.#": "2",
                            "vpc_config.0.subnet_ids.3370527050": "subnet-0ad7069bb0d99e9cf",
                            "vpc_config.0.subnet_ids.4187980323": "subnet-010df84ff09ac648b",
                            "vpc_config.0.vpc_id": "vpc-05cb497b005e86ca0"
                        },
                        "meta": {
                            "e2bfb730-ecaa-11e6-8f88-34363bc7c4c0": {
                                "create": 900000000000,
                                "delete": 900000000000
                            }
                        },
                        "tainted": false
                    },
                    "deposed": [],
                    "provider": "provider.aws"
                },
                "aws_iam_instance_profile.demo-node": {
                    "type": "aws_iam_instance_profile",
                    "depends_on": [
                        "aws_iam_role.demo-node"
                    ],
                    "primary": {
                        "id": "terraform-eks-demo",
                        "attributes": {
                            "arn": "arn:aws:iam::951405672546:instance-profile/terraform-eks-demo",
                            "create_date": "2018-09-24T02:42:55Z",
                            "id": "terraform-eks-demo",
                            "name": "terraform-eks-demo",
                            "path": "/",
                            "role": "terraform-eks-demo-node",
                            "roles.#": "0",
                            "unique_id": "AIPAIJNJFBXYKMNTBEMRK"
                        },
                        "meta": {},
                        "tainted": false
                    },
                    "deposed": [],
                    "provider": "provider.aws"
                },
                "aws_iam_role.demo-cluster": {
                    "type": "aws_iam_role",
                    "depends_on": [],
                    "primary": {
                        "id": "terraform-eks-demo-cluster",
                        "attributes": {
                            "arn": "arn:aws:iam::951405672546:role/terraform-eks-demo-cluster",
                            "assume_role_policy": "{\"Version\":\"2012-10-17\",\"Statement\":[{\"Effect\":\"Allow\",\"Principal\":{\"Service\":\"eks.amazonaws.com\"},\"Action\":\"sts:AssumeRole\"}]}",
                            "create_date": "2018-09-24T02:24:58Z",
                            "description": "",
                            "force_detach_policies": "false",
                            "id": "terraform-eks-demo-cluster",
                            "max_session_duration": "3600",
                            "name": "terraform-eks-demo-cluster",
                            "path": "/",
                            "unique_id": "AROAJ3N5FRF53GALIQRW2"
                        },
                        "meta": {},
                        "tainted": false
                    },
                    "deposed": [],
                    "provider": "provider.aws"
                },
                "aws_iam_role.demo-node": {
                    "type": "aws_iam_role",
                    "depends_on": [],
                    "primary": {
                        "id": "terraform-eks-demo-node",
                        "attributes": {
                            "arn": "arn:aws:iam::951405672546:role/terraform-eks-demo-node",
                            "assume_role_policy": "{\"Version\":\"2012-10-17\",\"Statement\":[{\"Effect\":\"Allow\",\"Principal\":{\"Service\":\"ec2.amazonaws.com\"},\"Action\":\"sts:AssumeRole\"}]}",
                            "create_date": "2018-09-24T02:42:54Z",
                            "description": "",
                            "force_detach_policies": "false",
                            "id": "terraform-eks-demo-node",
                            "max_session_duration": "3600",
                            "name": "terraform-eks-demo-node",
                            "path": "/",
                            "unique_id": "AROAJNCK4BYIEGV2MZSNG"
                        },
                        "meta": {},
                        "tainted": false
                    },
                    "deposed": [],
                    "provider": "provider.aws"
                },
                "aws_iam_role_policy_attachment.demo-cluster-AmazonEKSClusterPolicy": {
                    "type": "aws_iam_role_policy_attachment",
                    "depends_on": [
                        "aws_iam_role.demo-cluster"
                    ],
                    "primary": {
                        "id": "terraform-eks-demo-cluster-20180924022500552900000002",
                        "attributes": {
                            "id": "terraform-eks-demo-cluster-20180924022500552900000002",
                            "policy_arn": "arn:aws:iam::aws:policy/AmazonEKSClusterPolicy",
                            "role": "terraform-eks-demo-cluster"
                        },
                        "meta": {},
                        "tainted": false
                    },
                    "deposed": [],
                    "provider": "provider.aws"
                },
                "aws_iam_role_policy_attachment.demo-cluster-AmazonEKSServicePolicy": {
                    "type": "aws_iam_role_policy_attachment",
                    "depends_on": [
                        "aws_iam_role.demo-cluster"
                    ],
                    "primary": {
                        "id": "terraform-eks-demo-cluster-20180924022500504800000001",
                        "attributes": {
                            "id": "terraform-eks-demo-cluster-20180924022500504800000001",
                            "policy_arn": "arn:aws:iam::aws:policy/AmazonEKSServicePolicy",
                            "role": "terraform-eks-demo-cluster"
                        },
                        "meta": {},
                        "tainted": false
                    },
                    "deposed": [],
                    "provider": "provider.aws"
                },
                "aws_iam_role_policy_attachment.demo-node-AmazonEC2ContainerRegistryReadOnly": {
                    "type": "aws_iam_role_policy_attachment",
                    "depends_on": [
                        "aws_iam_role.demo-node"
                    ],
                    "primary": {
                        "id": "terraform-eks-demo-node-20180924024255540400000001",
                        "attributes": {
                            "id": "terraform-eks-demo-node-20180924024255540400000001",
                            "policy_arn": "arn:aws:iam::aws:policy/AmazonEC2ContainerRegistryReadOnly",
                            "role": "terraform-eks-demo-node"
                        },
                        "meta": {},
                        "tainted": false
                    },
                    "deposed": [],
                    "provider": "provider.aws"
                },
                "aws_iam_role_policy_attachment.demo-node-AmazonEKSWorkerNodePolicy": {
                    "type": "aws_iam_role_policy_attachment",
                    "depends_on": [
                        "aws_iam_role.demo-node"
                    ],
                    "primary": {
                        "id": "terraform-eks-demo-node-20180924024255614700000003",
                        "attributes": {
                            "id": "terraform-eks-demo-node-20180924024255614700000003",
                            "policy_arn": "arn:aws:iam::aws:policy/AmazonEKSWorkerNodePolicy",
                            "role": "terraform-eks-demo-node"
                        },
                        "meta": {},
                        "tainted": false
                    },
                    "deposed": [],
                    "provider": "provider.aws"
                },
                "aws_iam_role_policy_attachment.demo-node-AmazonEKS_CNI_Policy": {
                    "type": "aws_iam_role_policy_attachment",
                    "depends_on": [
                        "aws_iam_role.demo-node"
                    ],
                    "primary": {
                        "id": "terraform-eks-demo-node-20180924024255596000000002",
                        "attributes": {
                            "id": "terraform-eks-demo-node-20180924024255596000000002",
                            "policy_arn": "arn:aws:iam::aws:policy/AmazonEKS_CNI_Policy",
                            "role": "terraform-eks-demo-node"
                        },
                        "meta": {},
                        "tainted": false
                    },
                    "deposed": [],
                    "provider": "provider.aws"
                },
                "aws_internet_gateway.demo": {
                    "type": "aws_internet_gateway",
                    "depends_on": [
                        "aws_vpc.demo"
                    ],
                    "primary": {
                        "id": "igw-06e436aef53f9307a",
                        "attributes": {
                            "id": "igw-06e436aef53f9307a",
                            "tags.%": "1",
                            "tags.Name": "terraform-eks-demo",
                            "vpc_id": "vpc-05cb497b005e86ca0"
                        },
                        "meta": {},
                        "tainted": false
                    },
                    "deposed": [],
                    "provider": "provider.aws"
                },
                "aws_launch_configuration.demo": {
                    "type": "aws_launch_configuration",
                    "depends_on": [
                        "aws_iam_instance_profile.demo-node",
                        "aws_security_group.demo-node",
                        "data.aws_ami.eks-worker",
                        "local.demo-node-userdata"
                    ],
                    "primary": {
                        "id": "terraform-eks-demo20180924024302669800000004",
                        "attributes": {
                            "associate_public_ip_address": "true",
                            "ebs_block_device.#": "0",
                            "ebs_optimized": "false",
                            "enable_monitoring": "true",
                            "ephemeral_block_device.#": "0",
                            "iam_instance_profile": "terraform-eks-demo",
                            "id": "terraform-eks-demo20180924024302669800000004",
                            "image_id": "ami-0440e4f6b9713faf6",
                            "instance_type": "m4.large",
                            "key_name": "",
                            "name": "terraform-eks-demo20180924024302669800000004",
                            "name_prefix": "terraform-eks-demo",
                            "root_block_device.#": "0",
                            "security_groups.#": "1",
                            "security_groups.4284678230": "sg-0bafdd05376060659",
                            "spot_price": "",
                            "user_data_base64": "IyEvYmluL2Jhc2gKc2V0IC1vIHh0cmFjZQovZXRjL2Vrcy9ib290c3RyYXAuc2ggLS1hcGlzZXJ2ZXItZW5kcG9pbnQgJ2h0dHBzOi8vQjZEMDI5NkQ5QTY4ODUyMjlDMDFCMDU3QzgxQjlBNjguc2sxLnVzLWVhc3QtMS5la3MuYW1hem9uYXdzLmNvbScgLS1iNjQtY2x1c3Rlci1jYSAnTFMwdExTMUNSVWRKVGlCRFJWSlVTVVpKUTBGVVJTMHRMUzB0Q2sxSlNVTjVSRU5EUVdKRFowRjNTVUpCWjBsQ1FVUkJUa0puYTNGb2EybEhPWGN3UWtGUmMwWkJSRUZXVFZKTmQwVlJXVVJXVVZGRVJYZHdjbVJYU213S1kyMDFiR1JIVm5wTlFqUllSRlJGTkUxRWEzbE9SRUY1VFhwSmVFOUdiMWhFVkVrMFRVUnJlVTFVUVhsTmVrbDRUMFp2ZDBaVVJWUk5Ra1ZIUVRGVlJRcEJlRTFMWVROV2FWcFlTblZhV0ZKc1kzcERRMEZUU1hkRVVWbEtTMjlhU1doMlkwNUJVVVZDUWxGQlJHZG5SVkJCUkVORFFWRnZRMmRuUlVKQlRVdHVDakpDUkhSbWVGVlFhV3hGTUVVNE1HdHdabGwxVjAxaWJVVmtaamxQTm0xUk1FbERiM2Q0UWprdmRTdHlWVWRMTUhJNE56QkVNVE5oVDNCTmRsWjRSVkVLVm05NU1EUlhUV2RJVFVkNmEyWnRabEpKTVhWb2JtYzRRa3B5WTJocmNtUmpaM0JWV0dWb1MwbzFXbVozVGxWMGMydHJNekJYYlVrelVVbHBlVE5DZHdvMVpXbHlhV3B3YmxCS1ExcGtiVXRFTTJOTFJEZGFhMkZNTlhoMGIybGxVM1F5UkRNMlNsWk5lSFU0WmtJNVJGTlNRWEVyV25wMVFYQmpNMEptWVN0bUNscDNaRTk1Wm5jM2JHaGhXRXhtWjBFdmRYUmtjMmxtWVZwcWFFeHBXVmhWU1ZKMVpHcFhORWh6V2l0SmRXZ3hlRUpvVkc1Q1JubGxhMVJzVEVoU1dtOEtaWHAzTDFrMVFqY3lOelJMWm5wMVNWRnpibFY1ZUd3eVlrWlJaRk0wY1U1dWFVd3hkekY2Ym14VGNrcHNkV2RZUjA5T1prMXNiRGRJUjBoaVduSlhkd3B1V0hvM01VMUplbTFNVldNMk1FMXRSVFJOUTBGM1JVRkJZVTFxVFVORmQwUm5XVVJXVWpCUVFWRklMMEpCVVVSQlowdHJUVUU0UjBFeFZXUkZkMFZDQ2k5M1VVWk5RVTFDUVdZNGQwUlJXVXBMYjFwSmFIWmpUa0ZSUlV4Q1VVRkVaMmRGUWtGRWVsZ3dabk5PYlhSclFuaFJjRTF5UmxWa1EwUjNNamxOVm1jS1VHaDBVWFZ4ZWt4clUzVkRVM2RxWVZKS2QyZDNjbE5MY25WMWEyUXJVMGhRVkN0WFNFMXljWGRLWTNSRFFubFRkblpDYkVRd1ZrbG1iMFJUZG00d2N3cHJaalYwYzJkS1FrUmxSa1UzWVZKRFJtc3JURGgyUVhGR2JrMUJjREZhWkVjemFITTJZakkwWkZZMVkyUTVhRE0wVGt4UEszUlBWMnBhVmxWelRVeEhDbHBDV2xOdFlWQm5lQ3RZWjBWamRtWnRTRWxoU1M5T2MzUk9SRWxIYVV3d2VXMU9SMnBKUkVoemVsVnlMME0xTTJWeldqQnVVek15YjJNelJqVmFNREVLYlZZM1oxVnNSMWRyTlhWWmFIRTVWSGRoTmtKcGJGSlpORkYyZEhaQ1kzRklhbkJpTkVsSFZtcGlVRlJFTjFJMGJpdGljbkZWVFhwUVRIbENjelJaWkFwNlJGWTRVSEZqV0ZGalFrZHBhWEJSWWl0NFJrVTRaMjlYYkRkcFEzaG1NM0pGUkZOSlpFeDZaVGxsY1RBeVZVbFJZbTEwTkRsamNuTjZTVDBLTFMwdExTMUZUa1FnUTBWU1ZFbEdTVU5CVkVVdExTMHRMUW89JyAndGVycmFmb3JtLWVrcy1kZW1vJwo=",
                            "vpc_classic_link_id": "",
                            "vpc_classic_link_security_groups.#": "0"
                        },
                        "meta": {},
                        "tainted": false
                    },
                    "deposed": [],
                    "provider": "provider.aws"
                },
                "aws_route_table.demo": {
                    "type": "aws_route_table",
                    "depends_on": [
                        "aws_internet_gateway.demo",
                        "aws_vpc.demo"
                    ],
                    "primary": {
                        "id": "rtb-0ffc82f92942dbb20",
                        "attributes": {
                            "id": "rtb-0ffc82f92942dbb20",
                            "propagating_vgws.#": "0",
                            "route.#": "1",
                            "route.4246093775.cidr_block": "0.0.0.0/0",
                            "route.4246093775.egress_only_gateway_id": "",
                            "route.4246093775.gateway_id": "igw-06e436aef53f9307a",
                            "route.4246093775.instance_id": "",
                            "route.4246093775.ipv6_cidr_block": "",
                            "route.4246093775.nat_gateway_id": "",
                            "route.4246093775.network_interface_id": "",
                            "route.4246093775.vpc_peering_connection_id": "",
                            "tags.%": "0",
                            "vpc_id": "vpc-05cb497b005e86ca0"
                        },
                        "meta": {},
                        "tainted": false
                    },
                    "deposed": [],
                    "provider": "provider.aws"
                },
                "aws_route_table_association.demo.0": {
                    "type": "aws_route_table_association",
                    "depends_on": [
                        "aws_route_table.demo",
                        "aws_subnet.demo.*"
                    ],
                    "primary": {
                        "id": "rtbassoc-076c232e6786023b5",
                        "attributes": {
                            "id": "rtbassoc-076c232e6786023b5",
                            "route_table_id": "rtb-0ffc82f92942dbb20",
                            "subnet_id": "subnet-010df84ff09ac648b"
                        },
                        "meta": {},
                        "tainted": false
                    },
                    "deposed": [],
                    "provider": "provider.aws"
                },
                "aws_route_table_association.demo.1": {
                    "type": "aws_route_table_association",
                    "depends_on": [
                        "aws_route_table.demo",
                        "aws_subnet.demo.*"
                    ],
                    "primary": {
                        "id": "rtbassoc-0cb2a97730cccaa27",
                        "attributes": {
                            "id": "rtbassoc-0cb2a97730cccaa27",
                            "route_table_id": "rtb-0ffc82f92942dbb20",
                            "subnet_id": "subnet-0ad7069bb0d99e9cf"
                        },
                        "meta": {},
                        "tainted": false
                    },
                    "deposed": [],
                    "provider": "provider.aws"
                },
                "aws_security_group.demo-cluster": {
                    "type": "aws_security_group",
                    "depends_on": [
                        "aws_vpc.demo"
                    ],
                    "primary": {
                        "id": "sg-087201f253131c698",
                        "attributes": {
                            "arn": "arn:aws:ec2:us-east-1:951405672546:security-group/sg-087201f253131c698",
                            "description": "Cluster communication with worker nodes",
                            "egress.#": "1",
                            "egress.482069346.cidr_blocks.#": "1",
                            "egress.482069346.cidr_blocks.0": "0.0.0.0/0",
                            "egress.482069346.description": "",
                            "egress.482069346.from_port": "0",
                            "egress.482069346.ipv6_cidr_blocks.#": "0",
                            "egress.482069346.prefix_list_ids.#": "0",
                            "egress.482069346.protocol": "-1",
                            "egress.482069346.security_groups.#": "0",
                            "egress.482069346.self": "false",
                            "egress.482069346.to_port": "0",
                            "id": "sg-087201f253131c698",
                            "ingress.#": "1",
                            "ingress.381313393.cidr_blocks.#": "1",
                            "ingress.381313393.cidr_blocks.0": "0.0.0.0/32",
                            "ingress.381313393.description": "Allow workstation to communicate with the cluster API Server",
                            "ingress.381313393.from_port": "443",
                            "ingress.381313393.ipv6_cidr_blocks.#": "0",
                            "ingress.381313393.prefix_list_ids.#": "0",
                            "ingress.381313393.protocol": "tcp",
                            "ingress.381313393.security_groups.#": "0",
                            "ingress.381313393.self": "false",
                            "ingress.381313393.to_port": "443",
                            "name": "terraform-eks-demo-cluster",
                            "owner_id": "951405672546",
                            "revoke_rules_on_delete": "false",
                            "tags.%": "1",
                            "tags.Name": "terraform-eks-demo",
                            "vpc_id": "vpc-05cb497b005e86ca0"
                        },
                        "meta": {
                            "e2bfb730-ecaa-11e6-8f88-34363bc7c4c0": {
                                "create": 600000000000,
                                "delete": 600000000000
                            },
                            "schema_version": "1"
                        },
                        "tainted": false
                    },
                    "deposed": [],
                    "provider": "provider.aws"
                },
                "aws_security_group.demo-node": {
                    "type": "aws_security_group",
                    "depends_on": [
                        "aws_vpc.demo"
                    ],
                    "primary": {
                        "id": "sg-0bafdd05376060659",
                        "attributes": {
                            "arn": "arn:aws:ec2:us-east-1:951405672546:security-group/sg-0bafdd05376060659",
                            "description": "Security group for all nodes in the cluster",
                            "egress.#": "1",
                            "egress.482069346.cidr_blocks.#": "1",
                            "egress.482069346.cidr_blocks.0": "0.0.0.0/0",
                            "egress.482069346.description": "",
                            "egress.482069346.from_port": "0",
                            "egress.482069346.ipv6_cidr_blocks.#": "0",
                            "egress.482069346.prefix_list_ids.#": "0",
                            "egress.482069346.protocol": "-1",
                            "egress.482069346.security_groups.#": "0",
                            "egress.482069346.self": "false",
                            "egress.482069346.to_port": "0",
                            "id": "sg-0bafdd05376060659",
                            "ingress.#": "0",
                            "name": "terraform-eks-demo-node",
                            "owner_id": "951405672546",
                            "revoke_rules_on_delete": "false",
                            "tags.%": "2",
                            "tags.Name": "terraform-eks-demo-node",
                            "tags.kubernetes.io/cluster/terraform-eks-demo": "owned",
                            "vpc_id": "vpc-05cb497b005e86ca0"
                        },
                        "meta": {
                            "e2bfb730-ecaa-11e6-8f88-34363bc7c4c0": {
                                "create": 600000000000,
                                "delete": 600000000000
                            },
                            "schema_version": "1"
                        },
                        "tainted": false
                    },
                    "deposed": [],
                    "provider": "provider.aws"
                },
                "aws_security_group_rule.demo-cluster-ingress-node-https": {
                    "type": "aws_security_group_rule",
                    "depends_on": [
                        "aws_security_group.demo-cluster",
                        "aws_security_group.demo-node"
                    ],
                    "primary": {
                        "id": "sgrule-3856062277",
                        "attributes": {
                            "description": "Allow pods to communicate with the cluster API Server",
                            "from_port": "443",
                            "id": "sgrule-3856062277",
                            "protocol": "tcp",
                            "security_group_id": "sg-087201f253131c698",
                            "self": "false",
                            "source_security_group_id": "sg-0bafdd05376060659",
                            "to_port": "443",
                            "type": "ingress"
                        },
                        "meta": {
                            "schema_version": "2"
                        },
                        "tainted": false
                    },
                    "deposed": [],
                    "provider": "provider.aws"
                },
                "aws_security_group_rule.demo-cluster-ingress-workstation-https": {
                    "type": "aws_security_group_rule",
                    "depends_on": [
                        "aws_security_group.demo-cluster"
                    ],
                    "primary": {
                        "id": "sgrule-1033531179",
                        "attributes": {
                            "cidr_blocks.#": "1",
                            "cidr_blocks.0": "0.0.0.0/32",
                            "description": "Allow workstation to communicate with the cluster API Server",
                            "from_port": "443",
                            "id": "sgrule-1033531179",
                            "ipv6_cidr_blocks.#": "0",
                            "prefix_list_ids.#": "0",
                            "protocol": "tcp",
                            "security_group_id": "sg-087201f253131c698",
                            "self": "false",
                            "to_port": "443",
                            "type": "ingress"
                        },
                        "meta": {
                            "schema_version": "2"
                        },
                        "tainted": false
                    },
                    "deposed": [],
                    "provider": "provider.aws"
                },
                "aws_security_group_rule.demo-node-ingress-cluster": {
                    "type": "aws_security_group_rule",
                    "depends_on": [
                        "aws_security_group.demo-cluster",
                        "aws_security_group.demo-node"
                    ],
                    "primary": {
                        "id": "sgrule-3649856025",
                        "attributes": {
                            "description": "Allow worker Kubelets and pods to receive communication from the cluster control plane",
                            "from_port": "1025",
                            "id": "sgrule-3649856025",
                            "protocol": "tcp",
                            "security_group_id": "sg-0bafdd05376060659",
                            "self": "false",
                            "source_security_group_id": "sg-087201f253131c698",
                            "to_port": "65535",
                            "type": "ingress"
                        },
                        "meta": {
                            "schema_version": "2"
                        },
                        "tainted": false
                    },
                    "deposed": [],
                    "provider": "provider.aws"
                },
                "aws_security_group_rule.demo-node-ingress-self": {
                    "type": "aws_security_group_rule",
                    "depends_on": [
                        "aws_security_group.demo-node"
                    ],
                    "primary": {
                        "id": "sgrule-1620248335",
                        "attributes": {
                            "description": "Allow node to communicate with each other",
                            "from_port": "0",
                            "id": "sgrule-1620248335",
                            "protocol": "-1",
                            "security_group_id": "sg-0bafdd05376060659",
                            "self": "false",
                            "source_security_group_id": "sg-0bafdd05376060659",
                            "to_port": "65535",
                            "type": "ingress"
                        },
                        "meta": {
                            "schema_version": "2"
                        },
                        "tainted": false
                    },
                    "deposed": [],
                    "provider": "provider.aws"
                },
                "aws_subnet.demo.0": {
                    "type": "aws_subnet",
                    "depends_on": [
                        "aws_vpc.demo",
                        "data.aws_availability_zones.available"
                    ],
                    "primary": {
                        "id": "subnet-010df84ff09ac648b",
                        "attributes": {
                            "arn": "arn:aws:ec2:us-east-1:951405672546:subnet/subnet-010df84ff09ac648b",
                            "assign_ipv6_address_on_creation": "false",
                            "availability_zone": "us-east-1a",
                            "cidr_block": "10.0.0.0/24",
                            "id": "subnet-010df84ff09ac648b",
                            "map_public_ip_on_launch": "false",
                            "tags.%": "2",
                            "tags.Name": "terraform-eks-demo-node",
                            "tags.kubernetes.io/cluster/terraform-eks-demo": "shared",
                            "vpc_id": "vpc-05cb497b005e86ca0"
                        },
                        "meta": {
                            "schema_version": "1"
                        },
                        "tainted": false
                    },
                    "deposed": [],
                    "provider": "provider.aws"
                },
                "aws_subnet.demo.1": {
                    "type": "aws_subnet",
                    "depends_on": [
                        "aws_vpc.demo",
                        "data.aws_availability_zones.available"
                    ],
                    "primary": {
                        "id": "subnet-0ad7069bb0d99e9cf",
                        "attributes": {
                            "arn": "arn:aws:ec2:us-east-1:951405672546:subnet/subnet-0ad7069bb0d99e9cf",
                            "assign_ipv6_address_on_creation": "false",
                            "availability_zone": "us-east-1b",
                            "cidr_block": "10.0.1.0/24",
                            "id": "subnet-0ad7069bb0d99e9cf",
                            "map_public_ip_on_launch": "false",
                            "tags.%": "2",
                            "tags.Name": "terraform-eks-demo-node",
                            "tags.kubernetes.io/cluster/terraform-eks-demo": "shared",
                            "vpc_id": "vpc-05cb497b005e86ca0"
                        },
                        "meta": {
                            "schema_version": "1"
                        },
                        "tainted": false
                    },
                    "deposed": [],
                    "provider": "provider.aws"
                },
                "aws_vpc.demo": {
                    "type": "aws_vpc",
                    "depends_on": [],
                    "primary": {
                        "id": "vpc-05cb497b005e86ca0",
                        "attributes": {
                            "arn": "arn:aws:ec2:us-east-1:951405672546:vpc/vpc-05cb497b005e86ca0",
                            "assign_generated_ipv6_cidr_block": "false",
                            "cidr_block": "10.0.0.0/16",
                            "default_network_acl_id": "acl-0531d5e3478b57892",
                            "default_route_table_id": "rtb-099c92eaf88cfaf72",
                            "default_security_group_id": "sg-0fcdb475f3abf6b3a",
                            "dhcp_options_id": "dopt-0391fc51d6755e571",
                            "enable_classiclink": "false",
                            "enable_classiclink_dns_support": "false",
                            "enable_dns_hostnames": "false",
                            "enable_dns_support": "true",
                            "id": "vpc-05cb497b005e86ca0",
                            "instance_tenancy": "default",
                            "main_route_table_id": "rtb-099c92eaf88cfaf72",
                            "tags.%": "2",
                            "tags.Name": "terraform-eks-demo-node",
                            "tags.kubernetes.io/cluster/terraform-eks-demo": "shared"
                        },
                        "meta": {
                            "schema_version": "1"
                        },
                        "tainted": false
                    },
                    "deposed": [],
                    "provider": "provider.aws"
                },
                "data.aws_ami.eks-worker": {
                    "type": "aws_ami",
                    "depends_on": [],
                    "primary": {
                        "id": "ami-0440e4f6b9713faf6",
                        "attributes": {
                            "architecture": "x86_64",
                            "block_device_mappings.#": "1",
                            "block_device_mappings.3798922657.device_name": "/dev/xvda",
                            "block_device_mappings.3798922657.ebs.%": "6",
                            "block_device_mappings.3798922657.ebs.delete_on_termination": "true",
                            "block_device_mappings.3798922657.ebs.encrypted": "false",
                            "block_device_mappings.3798922657.ebs.iops": "0",
                            "block_device_mappings.3798922657.ebs.snapshot_id": "snap-0995e884aa7fa3e63",
                            "block_device_mappings.3798922657.ebs.volume_size": "20",
                            "block_device_mappings.3798922657.ebs.volume_type": "gp2",
                            "block_device_mappings.3798922657.no_device": "",
                            "block_device_mappings.3798922657.virtual_name": "",
                            "creation_date": "2018-09-12T22:26:23.000Z",
                            "description": "EKS Kubernetes Worker AMI with AmazonLinux2 image",
                            "filter.#": "1",
                            "filter.249857641.name": "name",
                            "filter.249857641.values.#": "1",
                            "filter.249857641.values.0": "amazon-eks-node-v*",
                            "hypervisor": "xen",
                            "id": "ami-0440e4f6b9713faf6",
                            "image_id": "ami-0440e4f6b9713faf6",
                            "image_location": "602401143452/amazon-eks-node-v24",
                            "image_type": "machine",
                            "most_recent": "true",
                            "name": "amazon-eks-node-v24",
                            "owner_id": "602401143452",
                            "owners.#": "1",
                            "owners.0": "602401143452",
                            "product_codes.#": "0",
                            "public": "true",
                            "root_device_name": "/dev/xvda",
                            "root_device_type": "ebs",
                            "root_snapshot_id": "snap-0995e884aa7fa3e63",
                            "sriov_net_support": "simple",
                            "state": "available",
                            "state_reason.%": "2",
                            "state_reason.code": "UNSET",
                            "state_reason.message": "UNSET",
                            "tags.%": "0",
                            "virtualization_type": "hvm"
                        },
                        "meta": {},
                        "tainted": false
                    },
                    "deposed": [],
                    "provider": "provider.aws"
                },
                "data.aws_availability_zones.available": {
                    "type": "aws_availability_zones",
                    "depends_on": [],
                    "primary": {
                        "id": "2018-09-24 02:42:31.6900908 +0000 UTC",
                        "attributes": {
                            "id": "2018-09-24 02:42:31.6900908 +0000 UTC",
                            "names.#": "6",
                            "names.0": "us-east-1a",
                            "names.1": "us-east-1b",
                            "names.2": "us-east-1c",
                            "names.3": "us-east-1d",
                            "names.4": "us-east-1e",
                            "names.5": "us-east-1f"
                        },
                        "meta": {},
                        "tainted": false
                    },
                    "deposed": [],
                    "provider": "provider.aws"
                },
                "data.aws_region.current": {
                    "type": "aws_region",
                    "depends_on": [],
                    "primary": {
                        "id": "us-east-1",
                        "attributes": {
                            "current": "true",
                            "description": "US East (N. Virginia)",
                            "endpoint": "ec2.us-east-1.amazonaws.com",
                            "id": "us-east-1",
                            "name": "us-east-1"
                        },
                        "meta": {},
                        "tainted": false
                    },
                    "deposed": [],
                    "provider": "provider.aws"
                }
            },
            "depends_on": []
        }
    ]
}
